
Microsoft Visual Studio Solution File, Format Version 12.00
# Blend for Visual Studio Version 16
VisualStudioVersion = 16.0.31702.278
MinimumVisualStudioVersion = 10.0.40219.1
Project("{FAE04EC0-301F-11D3-BF4B-00C04F79EFBC}") = "Anasproject", "Anasproject\Anasproject.csproj", "{98789931-EB06-46B4-B8A1-3E776DA679ED}"
EndProject
Global
	GlobalSection(SolutionConfigurationPlatforms) = preSolution
		Debug|Any CPU = Debug|Any CPU
		Release|Any CPU = Release|Any CPU
	EndGlobalSection
	GlobalSection(ProjectConfigurationPlatforms) = postSolution
		{98789931-EB06-46B4-B8A1-3E776DA679ED}.Debug|Any CPU.ActiveCfg = Debug|Any CPU
		{98789931-EB06-46B4-B8A1-3E776DA679ED}.Debug|Any CPU.Build.0 = Debug|Any CPU
		{98789931-EB06-46B4-B8A1-3E776DA679ED}.Release|Any CPU.ActiveCfg = Release|Any CPU
		{98789931-EB06-46B4-B8A1-3E776DA679ED}.Release|Any CPU.Build.0 = Release|Any CPU
	EndGlobalSection
	GlobalSection(SolutionProperties) = preSolution
		HideSolutionNode = FALSE
	EndGlobalSection
	GlobalSection(ExtensibilityGlobals) = postSolution
		SolutionGuid = {5B32602A-6DC3-4D0C-AE4C-A99110F7A4DB}
	EndGlobalSection
EndGlobal
