
Microsoft Visual Studio Solution File, Format Version 12.00
# Visual Studio Version 16
VisualStudioVersion = 16.0.31702.278
MinimumVisualStudioVersion = 10.0.40219.1
Project("{FAE04EC0-301F-11D3-BF4B-00C04F79EFBC}") = "TestFactors", "TestFactors\TestFactors.csproj", "{797379C9-E98A-4199-8868-381B07612CCB}"
EndProject
Global
	GlobalSection(SolutionConfigurationPlatforms) = preSolution
		Debug|Any CPU = Debug|Any CPU
		Release|Any CPU = Release|Any CPU
	EndGlobalSection
	GlobalSection(ProjectConfigurationPlatforms) = postSolution
		{797379C9-E98A-4199-8868-381B07612CCB}.Debug|Any CPU.ActiveCfg = Debug|Any CPU
		{797379C9-E98A-4199-8868-381B07612CCB}.Debug|Any CPU.Build.0 = Debug|Any CPU
		{797379C9-E98A-4199-8868-381B07612CCB}.Release|Any CPU.ActiveCfg = Release|Any CPU
		{797379C9-E98A-4199-8868-381B07612CCB}.Release|Any CPU.Build.0 = Release|Any CPU
	EndGlobalSection
	GlobalSection(SolutionProperties) = preSolution
		HideSolutionNode = FALSE
	EndGlobalSection
	GlobalSection(ExtensibilityGlobals) = postSolution
		SolutionGuid = {DB9BC266-F732-41FC-B5C5-885068E59856}
	EndGlobalSection
EndGlobal
