
Microsoft Visual Studio Solution File, Format Version 12.00
# Visual Studio Version 16
VisualStudioVersion = 16.0.31702.278
MinimumVisualStudioVersion = 10.0.40219.1
Project("{FAE04EC0-301F-11D3-BF4B-00C04F79EFBC}") = "anonymousTest", "anonymousTest\anonymousTest.csproj", "{0FFB7268-B0FE-4D43-B3D7-63186F235F15}"
EndProject
Global
	GlobalSection(SolutionConfigurationPlatforms) = preSolution
		Debug|Any CPU = Debug|Any CPU
		Release|Any CPU = Release|Any CPU
	EndGlobalSection
	GlobalSection(ProjectConfigurationPlatforms) = postSolution
		{0FFB7268-B0FE-4D43-B3D7-63186F235F15}.Debug|Any CPU.ActiveCfg = Debug|Any CPU
		{0FFB7268-B0FE-4D43-B3D7-63186F235F15}.Debug|Any CPU.Build.0 = Debug|Any CPU
		{0FFB7268-B0FE-4D43-B3D7-63186F235F15}.Release|Any CPU.ActiveCfg = Release|Any CPU
		{0FFB7268-B0FE-4D43-B3D7-63186F235F15}.Release|Any CPU.Build.0 = Release|Any CPU
	EndGlobalSection
	GlobalSection(SolutionProperties) = preSolution
		HideSolutionNode = FALSE
	EndGlobalSection
	GlobalSection(ExtensibilityGlobals) = postSolution
		SolutionGuid = {6DF61F6B-B071-4027-B885-FAA0D45C9354}
	EndGlobalSection
EndGlobal
