
Microsoft Visual Studio Solution File, Format Version 12.00
# Visual Studio Version 16
VisualStudioVersion = 16.0.31702.278
MinimumVisualStudioVersion = 10.0.40219.1
Project("{FAE04EC0-301F-11D3-BF4B-00C04F79EFBC}") = "ForExample", "ForExample\ForExample.csproj", "{6ED1AEC9-7049-4943-A6A9-53EE4F62230F}"
EndProject
Global
	GlobalSection(SolutionConfigurationPlatforms) = preSolution
		Debug|Any CPU = Debug|Any CPU
		Release|Any CPU = Release|Any CPU
	EndGlobalSection
	GlobalSection(ProjectConfigurationPlatforms) = postSolution
		{6ED1AEC9-7049-4943-A6A9-53EE4F62230F}.Debug|Any CPU.ActiveCfg = Debug|Any CPU
		{6ED1AEC9-7049-4943-A6A9-53EE4F62230F}.Debug|Any CPU.Build.0 = Debug|Any CPU
		{6ED1AEC9-7049-4943-A6A9-53EE4F62230F}.Release|Any CPU.ActiveCfg = Release|Any CPU
		{6ED1AEC9-7049-4943-A6A9-53EE4F62230F}.Release|Any CPU.Build.0 = Release|Any CPU
	EndGlobalSection
	GlobalSection(SolutionProperties) = preSolution
		HideSolutionNode = FALSE
	EndGlobalSection
	GlobalSection(ExtensibilityGlobals) = postSolution
		SolutionGuid = {D53B2057-0BDA-49AB-AE9D-EEDAF74DFE5E}
	EndGlobalSection
EndGlobal
