
Microsoft Visual Studio Solution File, Format Version 12.00
# Visual Studio Version 16
VisualStudioVersion = 16.0.31702.278
MinimumVisualStudioVersion = 10.0.40219.1
Project("{FAE04EC0-301F-11D3-BF4B-00C04F79EFBC}") = "example1", "example1\example1.csproj", "{9A6B2D81-E7D9-4508-B41C-689CF96CA554}"
EndProject
Global
	GlobalSection(SolutionConfigurationPlatforms) = preSolution
		Debug|Any CPU = Debug|Any CPU
		Release|Any CPU = Release|Any CPU
	EndGlobalSection
	GlobalSection(ProjectConfigurationPlatforms) = postSolution
		{9A6B2D81-E7D9-4508-B41C-689CF96CA554}.Debug|Any CPU.ActiveCfg = Debug|Any CPU
		{9A6B2D81-E7D9-4508-B41C-689CF96CA554}.Debug|Any CPU.Build.0 = Debug|Any CPU
		{9A6B2D81-E7D9-4508-B41C-689CF96CA554}.Release|Any CPU.ActiveCfg = Release|Any CPU
		{9A6B2D81-E7D9-4508-B41C-689CF96CA554}.Release|Any CPU.Build.0 = Release|Any CPU
	EndGlobalSection
	GlobalSection(SolutionProperties) = preSolution
		HideSolutionNode = FALSE
	EndGlobalSection
	GlobalSection(ExtensibilityGlobals) = postSolution
		SolutionGuid = {0E0DDF77-FA85-4C7D-A710-4D79AE2FA997}
	EndGlobalSection
EndGlobal
