
Microsoft Visual Studio Solution File, Format Version 12.00
# Visual Studio Version 16
VisualStudioVersion = 16.0.31702.278
MinimumVisualStudioVersion = 10.0.40219.1
Project("{FAE04EC0-301F-11D3-BF4B-00C04F79EFBC}") = "OOPexample1", "OOPexample1\OOPexample1.csproj", "{1F53FB7E-7C75-497D-B625-334541829380}"
EndProject
Global
	GlobalSection(SolutionConfigurationPlatforms) = preSolution
		Debug|Any CPU = Debug|Any CPU
		Release|Any CPU = Release|Any CPU
	EndGlobalSection
	GlobalSection(ProjectConfigurationPlatforms) = postSolution
		{1F53FB7E-7C75-497D-B625-334541829380}.Debug|Any CPU.ActiveCfg = Debug|Any CPU
		{1F53FB7E-7C75-497D-B625-334541829380}.Debug|Any CPU.Build.0 = Debug|Any CPU
		{1F53FB7E-7C75-497D-B625-334541829380}.Release|Any CPU.ActiveCfg = Release|Any CPU
		{1F53FB7E-7C75-497D-B625-334541829380}.Release|Any CPU.Build.0 = Release|Any CPU
	EndGlobalSection
	GlobalSection(SolutionProperties) = preSolution
		HideSolutionNode = FALSE
	EndGlobalSection
	GlobalSection(ExtensibilityGlobals) = postSolution
		SolutionGuid = {4FC23C4E-C3EF-4307-85A6-C35AB2893DB8}
	EndGlobalSection
EndGlobal
