
Microsoft Visual Studio Solution File, Format Version 12.00
# Visual Studio Version 16
VisualStudioVersion = 16.0.31702.278
MinimumVisualStudioVersion = 10.0.40219.1
Project("{FAE04EC0-301F-11D3-BF4B-00C04F79EFBC}") = "Names_ARR", "Names_ARR\Names_ARR.csproj", "{C0307A14-4EAC-42C8-849C-D5D05EA9AB2B}"
EndProject
Global
	GlobalSection(SolutionConfigurationPlatforms) = preSolution
		Debug|Any CPU = Debug|Any CPU
		Release|Any CPU = Release|Any CPU
	EndGlobalSection
	GlobalSection(ProjectConfigurationPlatforms) = postSolution
		{C0307A14-4EAC-42C8-849C-D5D05EA9AB2B}.Debug|Any CPU.ActiveCfg = Debug|Any CPU
		{C0307A14-4EAC-42C8-849C-D5D05EA9AB2B}.Debug|Any CPU.Build.0 = Debug|Any CPU
		{C0307A14-4EAC-42C8-849C-D5D05EA9AB2B}.Release|Any CPU.ActiveCfg = Release|Any CPU
		{C0307A14-4EAC-42C8-849C-D5D05EA9AB2B}.Release|Any CPU.Build.0 = Release|Any CPU
	EndGlobalSection
	GlobalSection(SolutionProperties) = preSolution
		HideSolutionNode = FALSE
	EndGlobalSection
	GlobalSection(ExtensibilityGlobals) = postSolution
		SolutionGuid = {E7EEF851-E3A7-43B5-86E6-2F61F88CB3E1}
	EndGlobalSection
EndGlobal
